
Microsoft Visual Studio Solution File, Format Version 12.00
# Visual Studio Version 17
VisualStudioVersion = 17.5.002.0
MinimumVisualStudioVersion = 10.0.40219.1
Project("{9A19103F-16F7-4668-BE54-9A1E7A4F7556}") = "dotnet pagina", "dotnet pagina.csproj", "{3C82988F-E017-44D0-98C9-C43555BEF082}"
EndProject
Global
	GlobalSection(SolutionConfigurationPlatforms) = preSolution
		Debug|Any CPU = Debug|Any CPU
		Release|Any CPU = Release|Any CPU
	EndGlobalSection
	GlobalSection(ProjectConfigurationPlatforms) = postSolution
		{3C82988F-E017-44D0-98C9-C43555BEF082}.Debug|Any CPU.ActiveCfg = Debug|Any CPU
		{3C82988F-E017-44D0-98C9-C43555BEF082}.Debug|Any CPU.Build.0 = Debug|Any CPU
		{3C82988F-E017-44D0-98C9-C43555BEF082}.Release|Any CPU.ActiveCfg = Release|Any CPU
		{3C82988F-E017-44D0-98C9-C43555BEF082}.Release|Any CPU.Build.0 = Release|Any CPU
	EndGlobalSection
	GlobalSection(SolutionProperties) = preSolution
		HideSolutionNode = FALSE
	EndGlobalSection
	GlobalSection(ExtensibilityGlobals) = postSolution
		SolutionGuid = {00CB7BD3-43A1-42D7-89C1-64DB7789F0E9}
	EndGlobalSection
EndGlobal
